
Microsoft Visual Studio Solution File, Format Version 12.00
# Visual Studio 15
VisualStudioVersion = 15.0.28010.2026
MinimumVisualStudioVersion = 10.0.40219.1
Project("{FAE04EC0-301F-11D3-BF4B-00C04F79EFBC}") = "EOMobile.Android", "EOMobile\EOMobile.Android\EOMobile.Android.csproj", "{59EB3436-AE0A-48F2-9374-6E9567AA8974}"
EndProject
Project("{FAE04EC0-301F-11D3-BF4B-00C04F79EFBC}") = "EOMobile.iOS", "EOMobile\EOMobile.iOS\EOMobile.iOS.csproj", "{D7384AE8-DE2E-484B-AAA1-B74AFA1C34CA}"
EndProject
Project("{9A19103F-16F7-4668-BE54-9A1E7A4F7556}") = "EOMobile", "EOMobile\EOMobile\EOMobile.csproj", "{60AB0B3C-1A4A-4670-A9A2-EF03A7ABF6D0}"
EndProject
Project("{2150E333-8FDC-42A3-9474-1A3956D46DE8}") = "Solution Items", "Solution Items", "{835326F6-E857-43DD-89F2-9E5BC23C64D7}"
EndProject
Project("{FAE04EC0-301F-11D3-BF4B-00C04F79EFBC}") = "ViewModels", "..\EO\LoginService\EOLoginConsoleApp\ViewModels\ViewModels.csproj", "{C4819671-9D35-4014-B1D3-80F9F0184501}"
EndProject
Global
	GlobalSection(SolutionConfigurationPlatforms) = preSolution
		Ad-Hoc|Any CPU = Ad-Hoc|Any CPU
		Ad-Hoc|iPhone = Ad-Hoc|iPhone
		Ad-Hoc|iPhoneSimulator = Ad-Hoc|iPhoneSimulator
		AppStore|Any CPU = AppStore|Any CPU
		AppStore|iPhone = AppStore|iPhone
		AppStore|iPhoneSimulator = AppStore|iPhoneSimulator
		Debug|Any CPU = Debug|Any CPU
		Debug|iPhone = Debug|iPhone
		Debug|iPhoneSimulator = Debug|iPhoneSimulator
		Release|Any CPU = Release|Any CPU
		Release|iPhone = Release|iPhone
		Release|iPhoneSimulator = Release|iPhoneSimulator
	EndGlobalSection
	GlobalSection(ProjectConfigurationPlatforms) = postSolution
		{59EB3436-AE0A-48F2-9374-6E9567AA8974}.Ad-Hoc|Any CPU.ActiveCfg = Release|Any CPU
		{59EB3436-AE0A-48F2-9374-6E9567AA8974}.Ad-Hoc|Any CPU.Build.0 = Release|Any CPU
		{59EB3436-AE0A-48F2-9374-6E9567AA8974}.Ad-Hoc|Any CPU.Deploy.0 = Release|Any CPU
		{59EB3436-AE0A-48F2-9374-6E9567AA8974}.Ad-Hoc|iPhone.ActiveCfg = Release|Any CPU
		{59EB3436-AE0A-48F2-9374-6E9567AA8974}.Ad-Hoc|iPhone.Build.0 = Release|Any CPU
		{59EB3436-AE0A-48F2-9374-6E9567AA8974}.Ad-Hoc|iPhone.Deploy.0 = Release|Any CPU
		{59EB3436-AE0A-48F2-9374-6E9567AA8974}.Ad-Hoc|iPhoneSimulator.ActiveCfg = Release|Any CPU
		{59EB3436-AE0A-48F2-9374-6E9567AA8974}.Ad-Hoc|iPhoneSimulator.Build.0 = Release|Any CPU
		{59EB3436-AE0A-48F2-9374-6E9567AA8974}.Ad-Hoc|iPhoneSimulator.Deploy.0 = Release|Any CPU
		{59EB3436-AE0A-48F2-9374-6E9567AA8974}.AppStore|Any CPU.ActiveCfg = Release|Any CPU
		{59EB3436-AE0A-48F2-9374-6E9567AA8974}.AppStore|Any CPU.Build.0 = Release|Any CPU
		{59EB3436-AE0A-48F2-9374-6E9567AA8974}.AppStore|Any CPU.Deploy.0 = Release|Any CPU
		{59EB3436-AE0A-48F2-9374-6E9567AA8974}.AppStore|iPhone.ActiveCfg = Release|Any CPU
		{59EB3436-AE0A-48F2-9374-6E9567AA8974}.AppStore|iPhone.Build.0 = Release|Any CPU
		{59EB3436-AE0A-48F2-9374-6E9567AA8974}.AppStore|iPhone.Deploy.0 = Release|Any CPU
		{59EB3436-AE0A-48F2-9374-6E9567AA8974}.AppStore|iPhoneSimulator.ActiveCfg = Release|Any CPU
		{59EB3436-AE0A-48F2-9374-6E9567AA8974}.AppStore|iPhoneSimulator.Build.0 = Release|Any CPU
		{59EB3436-AE0A-48F2-9374-6E9567AA8974}.AppStore|iPhoneSimulator.Deploy.0 = Release|Any CPU
		{59EB3436-AE0A-48F2-9374-6E9567AA8974}.Debug|Any CPU.ActiveCfg = Debug|Any CPU
		{59EB3436-AE0A-48F2-9374-6E9567AA8974}.Debug|Any CPU.Build.0 = Debug|Any CPU
		{59EB3436-AE0A-48F2-9374-6E9567AA8974}.Debug|Any CPU.Deploy.0 = Debug|Any CPU
		{59EB3436-AE0A-48F2-9374-6E9567AA8974}.Debug|iPhone.ActiveCfg = Debug|Any CPU
		{59EB3436-AE0A-48F2-9374-6E9567AA8974}.Debug|iPhone.Build.0 = Debug|Any CPU
		{59EB3436-AE0A-48F2-9374-6E9567AA8974}.Debug|iPhone.Deploy.0 = Debug|Any CPU
		{59EB3436-AE0A-48F2-9374-6E9567AA8974}.Debug|iPhoneSimulator.ActiveCfg = Debug|Any CPU
		{59EB3436-AE0A-48F2-9374-6E9567AA8974}.Debug|iPhoneSimulator.Build.0 = Debug|Any CPU
		{59EB3436-AE0A-48F2-9374-6E9567AA8974}.Debug|iPhoneSimulator.Deploy.0 = Debug|Any CPU
		{59EB3436-AE0A-48F2-9374-6E9567AA8974}.Release|Any CPU.ActiveCfg = Release|Any CPU
		{59EB3436-AE0A-48F2-9374-6E9567AA8974}.Release|Any CPU.Build.0 = Release|Any CPU
		{59EB3436-AE0A-48F2-9374-6E9567AA8974}.Release|Any CPU.Deploy.0 = Release|Any CPU
		{59EB3436-AE0A-48F2-9374-6E9567AA8974}.Release|iPhone.ActiveCfg = Release|Any CPU
		{59EB3436-AE0A-48F2-9374-6E9567AA8974}.Release|iPhone.Build.0 = Release|Any CPU
		{59EB3436-AE0A-48F2-9374-6E9567AA8974}.Release|iPhone.Deploy.0 = Release|Any CPU
		{59EB3436-AE0A-48F2-9374-6E9567AA8974}.Release|iPhoneSimulator.ActiveCfg = Release|Any CPU
		{59EB3436-AE0A-48F2-9374-6E9567AA8974}.Release|iPhoneSimulator.Build.0 = Release|Any CPU
		{59EB3436-AE0A-48F2-9374-6E9567AA8974}.Release|iPhoneSimulator.Deploy.0 = Release|Any CPU
		{D7384AE8-DE2E-484B-AAA1-B74AFA1C34CA}.Ad-Hoc|Any CPU.ActiveCfg = Ad-Hoc|iPhone
		{D7384AE8-DE2E-484B-AAA1-B74AFA1C34CA}.Ad-Hoc|Any CPU.Build.0 = Ad-Hoc|iPhone
		{D7384AE8-DE2E-484B-AAA1-B74AFA1C34CA}.Ad-Hoc|Any CPU.Deploy.0 = Ad-Hoc|iPhone
		{D7384AE8-DE2E-484B-AAA1-B74AFA1C34CA}.Ad-Hoc|iPhone.ActiveCfg = Ad-Hoc|iPhone
		{D7384AE8-DE2E-484B-AAA1-B74AFA1C34CA}.Ad-Hoc|iPhone.Build.0 = Ad-Hoc|iPhone
		{D7384AE8-DE2E-484B-AAA1-B74AFA1C34CA}.Ad-Hoc|iPhone.Deploy.0 = Ad-Hoc|iPhone
		{D7384AE8-DE2E-484B-AAA1-B74AFA1C34CA}.Ad-Hoc|iPhoneSimulator.ActiveCfg = Ad-Hoc|iPhoneSimulator
		{D7384AE8-DE2E-484B-AAA1-B74AFA1C34CA}.Ad-Hoc|iPhoneSimulator.Build.0 = Ad-Hoc|iPhoneSimulator
		{D7384AE8-DE2E-484B-AAA1-B74AFA1C34CA}.Ad-Hoc|iPhoneSimulator.Deploy.0 = Ad-Hoc|iPhoneSimulator
		{D7384AE8-DE2E-484B-AAA1-B74AFA1C34CA}.AppStore|Any CPU.ActiveCfg = AppStore|iPhone
		{D7384AE8-DE2E-484B-AAA1-B74AFA1C34CA}.AppStore|Any CPU.Build.0 = AppStore|iPhone
		{D7384AE8-DE2E-484B-AAA1-B74AFA1C34CA}.AppStore|Any CPU.Deploy.0 = AppStore|iPhone
		{D7384AE8-DE2E-484B-AAA1-B74AFA1C34CA}.AppStore|iPhone.ActiveCfg = AppStore|iPhone
		{D7384AE8-DE2E-484B-AAA1-B74AFA1C34CA}.AppStore|iPhone.Build.0 = AppStore|iPhone
		{D7384AE8-DE2E-484B-AAA1-B74AFA1C34CA}.AppStore|iPhone.Deploy.0 = AppStore|iPhone
		{D7384AE8-DE2E-484B-AAA1-B74AFA1C34CA}.AppStore|iPhoneSimulator.ActiveCfg = AppStore|iPhoneSimulator
		{D7384AE8-DE2E-484B-AAA1-B74AFA1C34CA}.AppStore|iPhoneSimulator.Build.0 = AppStore|iPhoneSimulator
		{D7384AE8-DE2E-484B-AAA1-B74AFA1C34CA}.AppStore|iPhoneSimulator.Deploy.0 = AppStore|iPhoneSimulator
		{D7384AE8-DE2E-484B-AAA1-B74AFA1C34CA}.Debug|Any CPU.ActiveCfg = Debug|iPhoneSimulator
		{D7384AE8-DE2E-484B-AAA1-B74AFA1C34CA}.Debug|Any CPU.Build.0 = Debug|iPhoneSimulator
		{D7384AE8-DE2E-484B-AAA1-B74AFA1C34CA}.Debug|Any CPU.Deploy.0 = Debug|iPhoneSimulator
		{D7384AE8-DE2E-484B-AAA1-B74AFA1C34CA}.Debug|iPhone.ActiveCfg = Debug|iPhone
		{D7384AE8-DE2E-484B-AAA1-B74AFA1C34CA}.Debug|iPhone.Build.0 = Debug|iPhone
		{D7384AE8-DE2E-484B-AAA1-B74AFA1C34CA}.Debug|iPhone.Deploy.0 = Debug|iPhone
		{D7384AE8-DE2E-484B-AAA1-B74AFA1C34CA}.Debug|iPhoneSimulator.ActiveCfg = Debug|iPhoneSimulator
		{D7384AE8-DE2E-484B-AAA1-B74AFA1C34CA}.Debug|iPhoneSimulator.Build.0 = Debug|iPhoneSimulator
		{D7384AE8-DE2E-484B-AAA1-B74AFA1C34CA}.Debug|iPhoneSimulator.Deploy.0 = Debug|iPhoneSimulator
		{D7384AE8-DE2E-484B-AAA1-B74AFA1C34CA}.Release|Any CPU.ActiveCfg = Release|iPhone
		{D7384AE8-DE2E-484B-AAA1-B74AFA1C34CA}.Release|Any CPU.Build.0 = Release|iPhone
		{D7384AE8-DE2E-484B-AAA1-B74AFA1C34CA}.Release|Any CPU.Deploy.0 = Release|iPhone
		{D7384AE8-DE2E-484B-AAA1-B74AFA1C34CA}.Release|iPhone.ActiveCfg = Release|iPhone
		{D7384AE8-DE2E-484B-AAA1-B74AFA1C34CA}.Release|iPhone.Build.0 = Release|iPhone
		{D7384AE8-DE2E-484B-AAA1-B74AFA1C34CA}.Release|iPhone.Deploy.0 = Release|iPhone
		{D7384AE8-DE2E-484B-AAA1-B74AFA1C34CA}.Release|iPhoneSimulator.ActiveCfg = Release|iPhoneSimulator
		{D7384AE8-DE2E-484B-AAA1-B74AFA1C34CA}.Release|iPhoneSimulator.Build.0 = Release|iPhoneSimulator
		{D7384AE8-DE2E-484B-AAA1-B74AFA1C34CA}.Release|iPhoneSimulator.Deploy.0 = Release|iPhoneSimulator
		{60AB0B3C-1A4A-4670-A9A2-EF03A7ABF6D0}.Ad-Hoc|Any CPU.ActiveCfg = Debug|Any CPU
		{60AB0B3C-1A4A-4670-A9A2-EF03A7ABF6D0}.Ad-Hoc|Any CPU.Build.0 = Debug|Any CPU
		{60AB0B3C-1A4A-4670-A9A2-EF03A7ABF6D0}.Ad-Hoc|Any CPU.Deploy.0 = Debug|Any CPU
		{60AB0B3C-1A4A-4670-A9A2-EF03A7ABF6D0}.Ad-Hoc|iPhone.ActiveCfg = Debug|Any CPU
		{60AB0B3C-1A4A-4670-A9A2-EF03A7ABF6D0}.Ad-Hoc|iPhone.Build.0 = Debug|Any CPU
		{60AB0B3C-1A4A-4670-A9A2-EF03A7ABF6D0}.Ad-Hoc|iPhone.Deploy.0 = Debug|Any CPU
		{60AB0B3C-1A4A-4670-A9A2-EF03A7ABF6D0}.Ad-Hoc|iPhoneSimulator.ActiveCfg = Debug|Any CPU
		{60AB0B3C-1A4A-4670-A9A2-EF03A7ABF6D0}.Ad-Hoc|iPhoneSimulator.Build.0 = Debug|Any CPU
		{60AB0B3C-1A4A-4670-A9A2-EF03A7ABF6D0}.Ad-Hoc|iPhoneSimulator.Deploy.0 = Debug|Any CPU
		{60AB0B3C-1A4A-4670-A9A2-EF03A7ABF6D0}.AppStore|Any CPU.ActiveCfg = Debug|Any CPU
		{60AB0B3C-1A4A-4670-A9A2-EF03A7ABF6D0}.AppStore|Any CPU.Build.0 = Debug|Any CPU
		{60AB0B3C-1A4A-4670-A9A2-EF03A7ABF6D0}.AppStore|Any CPU.Deploy.0 = Debug|Any CPU
		{60AB0B3C-1A4A-4670-A9A2-EF03A7ABF6D0}.AppStore|iPhone.ActiveCfg = Debug|Any CPU
		{60AB0B3C-1A4A-4670-A9A2-EF03A7ABF6D0}.AppStore|iPhone.Build.0 = Debug|Any CPU
		{60AB0B3C-1A4A-4670-A9A2-EF03A7ABF6D0}.AppStore|iPhone.Deploy.0 = Debug|Any CPU
		{60AB0B3C-1A4A-4670-A9A2-EF03A7ABF6D0}.AppStore|iPhoneSimulator.ActiveCfg = Debug|Any CPU
		{60AB0B3C-1A4A-4670-A9A2-EF03A7ABF6D0}.AppStore|iPhoneSimulator.Build.0 = Debug|Any CPU
		{60AB0B3C-1A4A-4670-A9A2-EF03A7ABF6D0}.AppStore|iPhoneSimulator.Deploy.0 = Debug|Any CPU
		{60AB0B3C-1A4A-4670-A9A2-EF03A7ABF6D0}.Debug|Any CPU.ActiveCfg = Debug|Any CPU
		{60AB0B3C-1A4A-4670-A9A2-EF03A7ABF6D0}.Debug|Any CPU.Build.0 = Debug|Any CPU
		{60AB0B3C-1A4A-4670-A9A2-EF03A7ABF6D0}.Debug|Any CPU.Deploy.0 = Debug|Any CPU
		{60AB0B3C-1A4A-4670-A9A2-EF03A7ABF6D0}.Debug|iPhone.ActiveCfg = Debug|Any CPU
		{60AB0B3C-1A4A-4670-A9A2-EF03A7ABF6D0}.Debug|iPhone.Build.0 = Debug|Any CPU
		{60AB0B3C-1A4A-4670-A9A2-EF03A7ABF6D0}.Debug|iPhone.Deploy.0 = Debug|Any CPU
		{60AB0B3C-1A4A-4670-A9A2-EF03A7ABF6D0}.Debug|iPhoneSimulator.ActiveCfg = Debug|Any CPU
		{60AB0B3C-1A4A-4670-A9A2-EF03A7ABF6D0}.Debug|iPhoneSimulator.Build.0 = Debug|Any CPU
		{60AB0B3C-1A4A-4670-A9A2-EF03A7ABF6D0}.Debug|iPhoneSimulator.Deploy.0 = Debug|Any CPU
		{60AB0B3C-1A4A-4670-A9A2-EF03A7ABF6D0}.Release|Any CPU.ActiveCfg = Release|Any CPU
		{60AB0B3C-1A4A-4670-A9A2-EF03A7ABF6D0}.Release|Any CPU.Build.0 = Release|Any CPU
		{60AB0B3C-1A4A-4670-A9A2-EF03A7ABF6D0}.Release|Any CPU.Deploy.0 = Release|Any CPU
		{60AB0B3C-1A4A-4670-A9A2-EF03A7ABF6D0}.Release|iPhone.ActiveCfg = Release|Any CPU
		{60AB0B3C-1A4A-4670-A9A2-EF03A7ABF6D0}.Release|iPhone.Build.0 = Release|Any CPU
		{60AB0B3C-1A4A-4670-A9A2-EF03A7ABF6D0}.Release|iPhone.Deploy.0 = Release|Any CPU
		{60AB0B3C-1A4A-4670-A9A2-EF03A7ABF6D0}.Release|iPhoneSimulator.ActiveCfg = Release|Any CPU
		{60AB0B3C-1A4A-4670-A9A2-EF03A7ABF6D0}.Release|iPhoneSimulator.Build.0 = Release|Any CPU
		{60AB0B3C-1A4A-4670-A9A2-EF03A7ABF6D0}.Release|iPhoneSimulator.Deploy.0 = Release|Any CPU
		{C4819671-9D35-4014-B1D3-80F9F0184501}.Ad-Hoc|Any CPU.ActiveCfg = Release|Any CPU
		{C4819671-9D35-4014-B1D3-80F9F0184501}.Ad-Hoc|Any CPU.Build.0 = Release|Any CPU
		{C4819671-9D35-4014-B1D3-80F9F0184501}.Ad-Hoc|iPhone.ActiveCfg = Release|Any CPU
		{C4819671-9D35-4014-B1D3-80F9F0184501}.Ad-Hoc|iPhone.Build.0 = Release|Any CPU
		{C4819671-9D35-4014-B1D3-80F9F0184501}.Ad-Hoc|iPhoneSimulator.ActiveCfg = Release|Any CPU
		{C4819671-9D35-4014-B1D3-80F9F0184501}.Ad-Hoc|iPhoneSimulator.Build.0 = Release|Any CPU
		{C4819671-9D35-4014-B1D3-80F9F0184501}.AppStore|Any CPU.ActiveCfg = Release|Any CPU
		{C4819671-9D35-4014-B1D3-80F9F0184501}.AppStore|Any CPU.Build.0 = Release|Any CPU
		{C4819671-9D35-4014-B1D3-80F9F0184501}.AppStore|iPhone.ActiveCfg = Release|Any CPU
		{C4819671-9D35-4014-B1D3-80F9F0184501}.AppStore|iPhone.Build.0 = Release|Any CPU
		{C4819671-9D35-4014-B1D3-80F9F0184501}.AppStore|iPhoneSimulator.ActiveCfg = Release|Any CPU
		{C4819671-9D35-4014-B1D3-80F9F0184501}.AppStore|iPhoneSimulator.Build.0 = Release|Any CPU
		{C4819671-9D35-4014-B1D3-80F9F0184501}.Debug|Any CPU.ActiveCfg = Debug|Any CPU
		{C4819671-9D35-4014-B1D3-80F9F0184501}.Debug|Any CPU.Build.0 = Debug|Any CPU
		{C4819671-9D35-4014-B1D3-80F9F0184501}.Debug|iPhone.ActiveCfg = Debug|Any CPU
		{C4819671-9D35-4014-B1D3-80F9F0184501}.Debug|iPhone.Build.0 = Debug|Any CPU
		{C4819671-9D35-4014-B1D3-80F9F0184501}.Debug|iPhoneSimulator.ActiveCfg = Debug|Any CPU
		{C4819671-9D35-4014-B1D3-80F9F0184501}.Debug|iPhoneSimulator.Build.0 = Debug|Any CPU
		{C4819671-9D35-4014-B1D3-80F9F0184501}.Release|Any CPU.ActiveCfg = Release|Any CPU
		{C4819671-9D35-4014-B1D3-80F9F0184501}.Release|Any CPU.Build.0 = Release|Any CPU
		{C4819671-9D35-4014-B1D3-80F9F0184501}.Release|iPhone.ActiveCfg = Release|Any CPU
		{C4819671-9D35-4014-B1D3-80F9F0184501}.Release|iPhone.Build.0 = Release|Any CPU
		{C4819671-9D35-4014-B1D3-80F9F0184501}.Release|iPhoneSimulator.ActiveCfg = Release|Any CPU
		{C4819671-9D35-4014-B1D3-80F9F0184501}.Release|iPhoneSimulator.Build.0 = Release|Any CPU
	EndGlobalSection
	GlobalSection(SolutionProperties) = preSolution
		HideSolutionNode = FALSE
	EndGlobalSection
	GlobalSection(ExtensibilityGlobals) = postSolution
		SolutionGuid = {ECE2743C-04E2-44B4-9F09-35D179872FA4}
	EndGlobalSection
EndGlobal
